
Microsoft Visual Studio Solution File, Format Version 12.00
# Visual Studio Version 17
VisualStudioVersion = 17.14.36429.23 d17.14
MinimumVisualStudioVersion = 10.0.40219.1
Project("{FAE04EC0-301F-11D3-BF4B-00C04F79EFBC}") = "UtilidadesMaui", "UtilidadesMaui\UtilidadesMaui.csproj", "{7C43F545-80CA-44EE-9AEE-55AE412CE122}"
EndProject
Project("{FAE04EC0-301F-11D3-BF4B-00C04F79EFBC}") = "UtilidadesRCL", "UtilidadesRCL\UtilidadesRCL.csproj", "{A86F92F7-BD0E-4E1E-A6E5-FD7AC2C2696E}"
EndProject
Project("{FAE04EC0-301F-11D3-BF4B-00C04F79EFBC}") = "UtilidadesBlazor", "UtilidadesBlazor\UtilidadesBlazor.csproj", "{FA2CD5A6-3A2F-40DA-8780-10FA86919FFE}"
EndProject
Global
	GlobalSection(SolutionConfigurationPlatforms) = preSolution
		Debug|Any CPU = Debug|Any CPU
		Release|Any CPU = Release|Any CPU
	EndGlobalSection
	GlobalSection(ProjectConfigurationPlatforms) = postSolution
		{7C43F545-80CA-44EE-9AEE-55AE412CE122}.Debug|Any CPU.ActiveCfg = Debug|Any CPU
		{7C43F545-80CA-44EE-9AEE-55AE412CE122}.Debug|Any CPU.Build.0 = Debug|Any CPU
		{7C43F545-80CA-44EE-9AEE-55AE412CE122}.Debug|Any CPU.Deploy.0 = Debug|Any CPU
		{7C43F545-80CA-44EE-9AEE-55AE412CE122}.Release|Any CPU.ActiveCfg = Release|Any CPU
		{7C43F545-80CA-44EE-9AEE-55AE412CE122}.Release|Any CPU.Build.0 = Release|Any CPU
		{7C43F545-80CA-44EE-9AEE-55AE412CE122}.Release|Any CPU.Deploy.0 = Release|Any CPU
		{A86F92F7-BD0E-4E1E-A6E5-FD7AC2C2696E}.Debug|Any CPU.ActiveCfg = Debug|Any CPU
		{A86F92F7-BD0E-4E1E-A6E5-FD7AC2C2696E}.Debug|Any CPU.Build.0 = Debug|Any CPU
		{A86F92F7-BD0E-4E1E-A6E5-FD7AC2C2696E}.Release|Any CPU.ActiveCfg = Release|Any CPU
		{A86F92F7-BD0E-4E1E-A6E5-FD7AC2C2696E}.Release|Any CPU.Build.0 = Release|Any CPU
		{FA2CD5A6-3A2F-40DA-8780-10FA86919FFE}.Debug|Any CPU.ActiveCfg = Debug|Any CPU
		{FA2CD5A6-3A2F-40DA-8780-10FA86919FFE}.Debug|Any CPU.Build.0 = Debug|Any CPU
		{FA2CD5A6-3A2F-40DA-8780-10FA86919FFE}.Release|Any CPU.ActiveCfg = Release|Any CPU
		{FA2CD5A6-3A2F-40DA-8780-10FA86919FFE}.Release|Any CPU.Build.0 = Release|Any CPU
	EndGlobalSection
	GlobalSection(SolutionProperties) = preSolution
		HideSolutionNode = FALSE
	EndGlobalSection
	GlobalSection(ExtensibilityGlobals) = postSolution
		SolutionGuid = {A3D98505-68E2-4169-89A5-45C79478CC31}
	EndGlobalSection
EndGlobal
